
Microsoft Visual Studio Solution File, Format Version 12.00
# Visual Studio Version 17
VisualStudioVersion = 17.2.32516.85
MinimumVisualStudioVersion = 10.0.40219.1
Project("{FAE04EC0-301F-11D3-BF4B-00C04F79EFBC}") = "EFCoreRelationships", "EFCoreRelationships\EFCoreRelationships.csproj", "{C3FACD4B-0BF1-4695-AF14-35C8DA697E85}"
EndProject
Global
	GlobalSection(SolutionConfigurationPlatforms) = preSolution
		Debug|Any CPU = Debug|Any CPU
		Release|Any CPU = Release|Any CPU
	EndGlobalSection
	GlobalSection(ProjectConfigurationPlatforms) = postSolution
		{C3FACD4B-0BF1-4695-AF14-35C8DA697E85}.Debug|Any CPU.ActiveCfg = Debug|Any CPU
		{C3FACD4B-0BF1-4695-AF14-35C8DA697E85}.Debug|Any CPU.Build.0 = Debug|Any CPU
		{C3FACD4B-0BF1-4695-AF14-35C8DA697E85}.Release|Any CPU.ActiveCfg = Release|Any CPU
		{C3FACD4B-0BF1-4695-AF14-35C8DA697E85}.Release|Any CPU.Build.0 = Release|Any CPU
	EndGlobalSection
	GlobalSection(SolutionProperties) = preSolution
		HideSolutionNode = FALSE
	EndGlobalSection
	GlobalSection(ExtensibilityGlobals) = postSolution
		SolutionGuid = {801C0A48-0DAE-4BA7-A999-110270FFD2B8}
	EndGlobalSection
EndGlobal
